
Microsoft Visual Studio Solution File, Format Version 12.00
Project("{FAE04EC0-301F-11D3-BF4B-00C04F79EFBC}") = "Avalonia.WYSWYG", "Avalonia.WYSWYG\Avalonia.WYSWYG.csproj", "{84EB81FE-E77C-4025-A175-913014750809}"
EndProject
Project("{FAE04EC0-301F-11D3-BF4B-00C04F79EFBC}") = "Sandbox", "Sandbox\Sandbox.csproj", "{4BE7BDE0-D009-4781-BD6C-0E591F0C0548}"
EndProject
Project("{2150E333-8FDC-42A3-9474-1A3956D46DE8}") = "Widgets", "Widgets", "{6AE30327-DCBE-4121-A1EE-B3739F023E48}"
EndProject
Project("{FAE04EC0-301F-11D3-BF4B-00C04F79EFBC}") = "Avalonia.WYSWYG.Widgets.AdaptiveCards", "Widgets\Avalonia.WYSWYG.Widgets.AdaptiveCards\Avalonia.WYSWYG.Widgets.AdaptiveCards.csproj", "{54831E91-E875-43E2-AEED-15D91252FE19}"
EndProject
Project("{FAE04EC0-301F-11D3-BF4B-00C04F79EFBC}") = "Avalonia.WYSWYG.Widgets.Map", "Widgets\Avalonia.WYSWYG.Widgets.Map\Avalonia.WYSWYG.Widgets.Map.csproj", "{FF867EEA-C3F6-40B5-8513-A07BBCB5778E}"
EndProject
Project("{FAE04EC0-301F-11D3-BF4B-00C04F79EFBC}") = "Avalonia.WYSWYG.Widgets.Markdown", "Widgets\Avalonia.WYSWYG.Widgets.Markdown\Avalonia.WYSWYG.Widgets.Markdown.csproj", "{48583C68-DC85-41E9-AC4F-2E743EB221DB}"
EndProject
Global
	GlobalSection(SolutionConfigurationPlatforms) = preSolution
		Debug|Any CPU = Debug|Any CPU
		Release|Any CPU = Release|Any CPU
	EndGlobalSection
	GlobalSection(ProjectConfigurationPlatforms) = postSolution
		{84EB81FE-E77C-4025-A175-913014750809}.Debug|Any CPU.ActiveCfg = Debug|Any CPU
		{84EB81FE-E77C-4025-A175-913014750809}.Debug|Any CPU.Build.0 = Debug|Any CPU
		{84EB81FE-E77C-4025-A175-913014750809}.Release|Any CPU.ActiveCfg = Release|Any CPU
		{84EB81FE-E77C-4025-A175-913014750809}.Release|Any CPU.Build.0 = Release|Any CPU
		{4BE7BDE0-D009-4781-BD6C-0E591F0C0548}.Debug|Any CPU.ActiveCfg = Debug|Any CPU
		{4BE7BDE0-D009-4781-BD6C-0E591F0C0548}.Debug|Any CPU.Build.0 = Debug|Any CPU
		{4BE7BDE0-D009-4781-BD6C-0E591F0C0548}.Release|Any CPU.ActiveCfg = Release|Any CPU
		{4BE7BDE0-D009-4781-BD6C-0E591F0C0548}.Release|Any CPU.Build.0 = Release|Any CPU
		{54831E91-E875-43E2-AEED-15D91252FE19}.Debug|Any CPU.ActiveCfg = Debug|Any CPU
		{54831E91-E875-43E2-AEED-15D91252FE19}.Debug|Any CPU.Build.0 = Debug|Any CPU
		{54831E91-E875-43E2-AEED-15D91252FE19}.Release|Any CPU.ActiveCfg = Release|Any CPU
		{54831E91-E875-43E2-AEED-15D91252FE19}.Release|Any CPU.Build.0 = Release|Any CPU
		{FF867EEA-C3F6-40B5-8513-A07BBCB5778E}.Debug|Any CPU.ActiveCfg = Debug|Any CPU
		{FF867EEA-C3F6-40B5-8513-A07BBCB5778E}.Debug|Any CPU.Build.0 = Debug|Any CPU
		{FF867EEA-C3F6-40B5-8513-A07BBCB5778E}.Release|Any CPU.ActiveCfg = Release|Any CPU
		{FF867EEA-C3F6-40B5-8513-A07BBCB5778E}.Release|Any CPU.Build.0 = Release|Any CPU
		{48583C68-DC85-41E9-AC4F-2E743EB221DB}.Debug|Any CPU.ActiveCfg = Debug|Any CPU
		{48583C68-DC85-41E9-AC4F-2E743EB221DB}.Debug|Any CPU.Build.0 = Debug|Any CPU
		{48583C68-DC85-41E9-AC4F-2E743EB221DB}.Release|Any CPU.ActiveCfg = Release|Any CPU
		{48583C68-DC85-41E9-AC4F-2E743EB221DB}.Release|Any CPU.Build.0 = Release|Any CPU
	EndGlobalSection
	GlobalSection(NestedProjects) = preSolution
		{54831E91-E875-43E2-AEED-15D91252FE19} = {6AE30327-DCBE-4121-A1EE-B3739F023E48}
		{FF867EEA-C3F6-40B5-8513-A07BBCB5778E} = {6AE30327-DCBE-4121-A1EE-B3739F023E48}
		{48583C68-DC85-41E9-AC4F-2E743EB221DB} = {6AE30327-DCBE-4121-A1EE-B3739F023E48}
	EndGlobalSection
EndGlobal
